
Microsoft Visual Studio Solution File, Format Version 11.00
# Visual Studio 2010
Project("{159641D6-6404-4A2A-AE62-294DE0FE8301}") = "MetadataCollection", "MetadataCollection\MetadataCollection.dtproj", "{DFBEAD3A-5D73-49B6-A7B4-D216867ED9C0}"
EndProject
Global
	GlobalSection(SolutionConfigurationPlatforms) = preSolution
		Development|Default = Development|Default
	EndGlobalSection
	GlobalSection(ProjectConfigurationPlatforms) = postSolution
		{DFBEAD3A-5D73-49B6-A7B4-D216867ED9C0}.Development|Default.ActiveCfg = Development
		{DFBEAD3A-5D73-49B6-A7B4-D216867ED9C0}.Development|Default.Build.0 = Development
	EndGlobalSection
	GlobalSection(SolutionProperties) = preSolution
		HideSolutionNode = FALSE
	EndGlobalSection
EndGlobal
