
Microsoft Visual Studio Solution File, Format Version 11.00
# Visual Studio 2010
Project("{F14B399A-7131-4C87-9E4B-1186C45EF12D}") = "SSISConfigReports2012", "SSISConfigReports2012\SSISConfigReports2012.rptproj", "{B1B2C13A-0DFE-430A-AEB8-C3441411B5E5}"
EndProject
Global
	GlobalSection(SolutionConfigurationPlatforms) = preSolution
		Debug|Default = Debug|Default
		DebugLocal|Default = DebugLocal|Default
		Release|Default = Release|Default
	EndGlobalSection
	GlobalSection(ProjectConfigurationPlatforms) = postSolution
		{B1B2C13A-0DFE-430A-AEB8-C3441411B5E5}.Debug|Default.ActiveCfg = Debug
		{B1B2C13A-0DFE-430A-AEB8-C3441411B5E5}.Debug|Default.Build.0 = DebugLocal
		{B1B2C13A-0DFE-430A-AEB8-C3441411B5E5}.Debug|Default.Deploy.0 = DebugLocal
		{B1B2C13A-0DFE-430A-AEB8-C3441411B5E5}.DebugLocal|Default.ActiveCfg = DebugLocal
		{B1B2C13A-0DFE-430A-AEB8-C3441411B5E5}.DebugLocal|Default.Build.0 = DebugLocal
		{B1B2C13A-0DFE-430A-AEB8-C3441411B5E5}.Release|Default.ActiveCfg = Release
		{B1B2C13A-0DFE-430A-AEB8-C3441411B5E5}.Release|Default.Build.0 = Release
		{B1B2C13A-0DFE-430A-AEB8-C3441411B5E5}.Release|Default.Deploy.0 = Release
	EndGlobalSection
	GlobalSection(SolutionProperties) = preSolution
		HideSolutionNode = FALSE
	EndGlobalSection
EndGlobal
